
Microsoft Visual Studio Solution File, Format Version 12.00
# Visual Studio 15
VisualStudioVersion = 15.0.28307.1022
MinimumVisualStudioVersion = 10.0.40219.1
Project("{FAE04EC0-301F-11D3-BF4B-00C04F79EFBC}") = "MathyMath", "MathyMath\MathyMath.csproj", "{2DE9394E-5B85-4089-A686-08439CD14C9D}"
EndProject
Global
	GlobalSection(SolutionConfigurationPlatforms) = preSolution
		Debug|Any CPU = Debug|Any CPU
		Release|Any CPU = Release|Any CPU
	EndGlobalSection
	GlobalSection(ProjectConfigurationPlatforms) = postSolution
		{2DE9394E-5B85-4089-A686-08439CD14C9D}.Debug|Any CPU.ActiveCfg = Debug|Any CPU
		{2DE9394E-5B85-4089-A686-08439CD14C9D}.Debug|Any CPU.Build.0 = Debug|Any CPU
		{2DE9394E-5B85-4089-A686-08439CD14C9D}.Release|Any CPU.ActiveCfg = Release|Any CPU
		{2DE9394E-5B85-4089-A686-08439CD14C9D}.Release|Any CPU.Build.0 = Release|Any CPU
	EndGlobalSection
	GlobalSection(SolutionProperties) = preSolution
		HideSolutionNode = FALSE
	EndGlobalSection
	GlobalSection(ExtensibilityGlobals) = postSolution
		SolutionGuid = {CE9C9AB0-DD0F-4A1A-97F7-8BF120564EC3}
	EndGlobalSection
EndGlobal
